
Microsoft Visual Studio Solution File, Format Version 12.00
# Visual Studio Version 16
VisualStudioVersion = 16.0.31515.178
MinimumVisualStudioVersion = 10.0.40219.1
Project("{8BC9CEB8-8B4A-11D0-8D11-00A0C91BC942}") = "cuda_utf8_uchar32", "cuda_utf8_uchar32.vcxproj", "{237E48B5-4BAE-4B71-BA36-38219838E528}"
EndProject
Global
	GlobalSection(SolutionConfigurationPlatforms) = preSolution
		Debug|x64 = Debug|x64
		Release|x64 = Release|x64
	EndGlobalSection
	GlobalSection(ProjectConfigurationPlatforms) = postSolution
		{237E48B5-4BAE-4B71-BA36-38219838E528}.Debug|x64.ActiveCfg = Debug|x64
		{237E48B5-4BAE-4B71-BA36-38219838E528}.Debug|x64.Build.0 = Debug|x64
		{237E48B5-4BAE-4B71-BA36-38219838E528}.Release|x64.ActiveCfg = Release|x64
		{237E48B5-4BAE-4B71-BA36-38219838E528}.Release|x64.Build.0 = Release|x64
	EndGlobalSection
	GlobalSection(SolutionProperties) = preSolution
		HideSolutionNode = FALSE
	EndGlobalSection
	GlobalSection(ExtensibilityGlobals) = postSolution
		SolutionGuid = {4BD6639B-73CC-4023-9114-351754737DF9}
	EndGlobalSection
EndGlobal
